{"filter":false,"title":"package-lock.json","tooltip":"/myapp/backend/package-lock.json","undoManager":{"mark":-1,"position":-1,"stack":[]},"ace":{"folds":[],"scrolltop":1138.8,"scrollleft":15.599999999999996,"selection":{"start":{"row":0,"column":0},"end":{"row":0,"column":0},"isBackwards":false},"options":{"guessTabSize":true,"useWrapMode":false,"wrapToView":true},"firstLineState":{"row":6,"state":"start","mode":"ace/mode/json"}},"timestamp":1687052807566,"hash":"d3da1ebc21e4520ff600a91a935168898ee12fee"}